// !$*UTF8*$!
{
	archiveVersion = 1;
	classes = {
	};
	objectVersion = 46;
	objects = {

/* Begin PBXBuildFile section */
		70D83C581C5E8124004027ED /* AppDelegate.swift in Sources */ = {isa = PBXBuildFile; fileRef = 70D83C571C5E8124004027ED /* AppDelegate.swift */; };
		70D83C5D1C5E8124004027ED /* Main.storyboard in Resources */ = {isa = PBXBuildFile; fileRef = 70D83C5B1C5E8124004027ED /* Main.storyboard */; };
		70D83C5F1C5E8124004027ED /* Assets.xcassets in Resources */ = {isa = PBXBuildFile; fileRef = 70D83C5E1C5E8124004027ED /* Assets.xcassets */; };
		70D83C621C5E8124004027ED /* LaunchScreen.storyboard in Resources */ = {isa = PBXBuildFile; fileRef = 70D83C601C5E8124004027ED /* LaunchScreen.storyboard */; };
		70D83C6D1C5E8124004027ED /* MemeMeTests.swift in Sources */ = {isa = PBXBuildFile; fileRef = 70D83C6C1C5E8124004027ED /* MemeMeTests.swift */; };
		70D83C7B1C5E828B004027ED /* MemeEditorVC.swift in Sources */ = {isa = PBXBuildFile; fileRef = 70D83C7A1C5E828B004027ED /* MemeEditorVC.swift */; };
		70D83C7F1C5EEB94004027ED /* MemeDetailVC.swift in Sources */ = {isa = PBXBuildFile; fileRef = 70D83C7E1C5EEB94004027ED /* MemeDetailVC.swift */; };
		70D83C811C5EEDB8004027ED /* MemesCollectionVC.swift in Sources */ = {isa = PBXBuildFile; fileRef = 70D83C801C5EEDB8004027ED /* MemesCollectionVC.swift */; };
		70D83C851C5EF433004027ED /* Meme.swift in Sources */ = {isa = PBXBuildFile; fileRef = 70D83C841C5EF433004027ED /* Meme.swift */; };
		70D83C871C5EF471004027ED /* MemeCollectionViewCell.swift in Sources */ = {isa = PBXBuildFile; fileRef = 70D83C861C5EF471004027ED /* MemeCollectionViewCell.swift */; };
		70D83C891C601889004027ED /* MemesTableVC.swift in Sources */ = {isa = PBXBuildFile; fileRef = 70D83C881C601889004027ED /* MemesTableVC.swift */; };
		70D83C951C60DAAE004027ED /* MemeTableViewCell.swift in Sources */ = {isa = PBXBuildFile; fileRef = 70D83C941C60DAAE004027ED /* MemeTableViewCell.swift */; };
/* End PBXBuildFile section */

/* Begin PBXContainerItemProxy section */
		70D83C691C5E8124004027ED /* PBXContainerItemProxy */ = {
			isa = PBXContainerItemProxy;
			containerPortal = 70D83C4C1C5E8124004027ED /* Project object */;
			proxyType = 1;
			remoteGlobalIDString = 70D83C531C5E8124004027ED;
			remoteInfo = MemeMe;
		};
/* End PBXContainerItemProxy section */

/* Begin PBXFileReference section */
		70D83C541C5E8124004027ED /* MemeMe.app */ = {isa = PBXFileReference; explicitFileType = wrapper.application; includeInIndex = 0; path = MemeMe.app; sourceTree = BUILT_PRODUCTS_DIR; };
		70D83C571C5E8124004027ED /* AppDelegate.swift */ = {isa = PBXFileReference; lastKnownFileType = sourcecode.swift; path = AppDelegate.swift; sourceTree = "<group>"; };
		70D83C5C1C5E8124004027ED /* Base */ = {isa = PBXFileReference; lastKnownFileType = file.storyboard; name = Base; path = Base.lproj/Main.storyboard; sourceTree = "<group>"; };
		70D83C5E1C5E8124004027ED /* Assets.xcassets */ = {isa = PBXFileReference; lastKnownFileType = folder.assetcatalog; path = Assets.xcassets; sourceTree = "<group>"; };
		70D83C611C5E8124004027ED /* Base */ = {isa = PBXFileReference; lastKnownFileType = file.storyboard; name = Base; path = Base.lproj/LaunchScreen.storyboard; sourceTree = "<group>"; };
		70D83C631C5E8124004027ED /* Info.plist */ = {isa = PBXFileReference; lastKnownFileType = text.plist.xml; path = Info.plist; sourceTree = "<group>"; };
		70D83C681C5E8124004027ED /* MemeMeTests.xctest */ = {isa = PBXFileReference; explicitFileType = wrapper.cfbundle; includeInIndex = 0; path = MemeMeTests.xctest; sourceTree = BUILT_PRODUCTS_DIR; };
		70D83C6C1C5E8124004027ED /* MemeMeTests.swift */ = {isa = PBXFileReference; lastKnownFileType = sourcecode.swift; path = MemeMeTests.swift; sourceTree = "<group>"; };
		70D83C6E1C5E8124004027ED /* Info.plist */ = {isa = PBXFileReference; lastKnownFileType = text.plist.xml; path = Info.plist; sourceTree = "<group>"; };
		70D83C7A1C5E828B004027ED /* MemeEditorVC.swift */ = {isa = PBXFileReference; fileEncoding = 4; lastKnownFileType = sourcecode.swift; path = MemeEditorVC.swift; sourceTree = "<group>"; };
		70D83C7E1C5EEB94004027ED /* MemeDetailVC.swift */ = {isa = PBXFileReference; fileEncoding = 4; lastKnownFileType = sourcecode.swift; path = MemeDetailVC.swift; sourceTree = "<group>"; };
		70D83C801C5EEDB8004027ED /* MemesCollectionVC.swift */ = {isa = PBXFileReference; fileEncoding = 4; lastKnownFileType = sourcecode.swift; path = MemesCollectionVC.swift; sourceTree = "<group>"; };
		70D83C841C5EF433004027ED /* Meme.swift */ = {isa = PBXFileReference; fileEncoding = 4; lastKnownFileType = sourcecode.swift; path = Meme.swift; sourceTree = "<group>"; };
		70D83C861C5EF471004027ED /* MemeCollectionViewCell.swift */ = {isa = PBXFileReference; fileEncoding = 4; lastKnownFileType = sourcecode.swift; path = MemeCollectionViewCell.swift; sourceTree = "<group>"; };
		70D83C881C601889004027ED /* MemesTableVC.swift */ = {isa = PBXFileReference; fileEncoding = 4; lastKnownFileType = sourcecode.swift; path = MemesTableVC.swift; sourceTree = "<group>"; };
		70D83C941C60DAAE004027ED /* MemeTableViewCell.swift */ = {isa = PBXFileReference; fileEncoding = 4; lastKnownFileType = sourcecode.swift; path = MemeTableViewCell.swift; sourceTree = "<group>"; };
/* End PBXFileReference section */

/* Begin PBXFrameworksBuildPhase section */
		70D83C511C5E8124004027ED /* Frameworks */ = {
			isa = PBXFrameworksBuildPhase;
			buildActionMask = 2147483647;
			files = (
			);
			runOnlyForDeploymentPostprocessing = 0;
		};
		70D83C651C5E8124004027ED /* Frameworks */ = {
			isa = PBXFrameworksBuildPhase;
			buildActionMask = 2147483647;
			files = (
			);
			runOnlyForDeploymentPostprocessing = 0;
		};
/* End PBXFrameworksBuildPhase section */

/* Begin PBXGroup section */
		70D83C4B1C5E8124004027ED = {
			isa = PBXGroup;
			children = (
				70D83C561C5E8124004027ED /* MemeMe */,
				70D83C6B1C5E8124004027ED /* MemeMeTests */,
				70D83C551C5E8124004027ED /* Products */,
			);
			sourceTree = "<group>";
		};
		70D83C551C5E8124004027ED /* Products */ = {
			isa = PBXGroup;
			children = (
				70D83C541C5E8124004027ED /* MemeMe.app */,
				70D83C681C5E8124004027ED /* MemeMeTests.xctest */,
			);
			name = Products;
			sourceTree = "<group>";
		};
		70D83C561C5E8124004027ED /* MemeMe */ = {
			isa = PBXGroup;
			children = (
				70D83C791C5E824F004027ED /* Controller */,
				70D83C781C5E8247004027ED /* View */,
				70D83C771C5E8240004027ED /* Model */,
				70D83C571C5E8124004027ED /* AppDelegate.swift */,
				70D83C5B1C5E8124004027ED /* Main.storyboard */,
				70D83C5E1C5E8124004027ED /* Assets.xcassets */,
				70D83C601C5E8124004027ED /* LaunchScreen.storyboard */,
				70D83C631C5E8124004027ED /* Info.plist */,
			);
			path = MemeMe;
			sourceTree = "<group>";
		};
		70D83C6B1C5E8124004027ED /* MemeMeTests */ = {
			isa = PBXGroup;
			children = (
				70D83C6C1C5E8124004027ED /* MemeMeTests.swift */,
				70D83C6E1C5E8124004027ED /* Info.plist */,
			);
			path = MemeMeTests;
			sourceTree = "<group>";
		};
		70D83C771C5E8240004027ED /* Model */ = {
			isa = PBXGroup;
			children = (
				70D83C841C5EF433004027ED /* Meme.swift */,
				70D83C861C5EF471004027ED /* MemeCollectionViewCell.swift */,
				70D83C941C60DAAE004027ED /* MemeTableViewCell.swift */,
			);
			name = Model;
			sourceTree = "<group>";
		};
		70D83C781C5E8247004027ED /* View */ = {
			isa = PBXGroup;
			children = (
			);
			name = View;
			sourceTree = "<group>";
		};
		70D83C791C5E824F004027ED /* Controller */ = {
			isa = PBXGroup;
			children = (
				70D83C7A1C5E828B004027ED /* MemeEditorVC.swift */,
				70D83C7E1C5EEB94004027ED /* MemeDetailVC.swift */,
				70D83C801C5EEDB8004027ED /* MemesCollectionVC.swift */,
				70D83C881C601889004027ED /* MemesTableVC.swift */,
			);
			name = Controller;
			sourceTree = "<group>";
		};
/* End PBXGroup section */

/* Begin PBXNativeTarget section */
		70D83C531C5E8124004027ED /* MemeMe */ = {
			isa = PBXNativeTarget;
			buildConfigurationList = 70D83C711C5E8124004027ED /* Build configuration list for PBXNativeTarget "MemeMe" */;
			buildPhases = (
				70D83C501C5E8124004027ED /* Sources */,
				70D83C511C5E8124004027ED /* Frameworks */,
				70D83C521C5E8124004027ED /* Resources */,
			);
			buildRules = (
			);
			dependencies = (
			);
			name = MemeMe;
			productName = MemeMe;
			productReference = 70D83C541C5E8124004027ED /* MemeMe.app */;
			productType = "com.apple.product-type.application";
		};
		70D83C671C5E8124004027ED /* MemeMeTests */ = {
			isa = PBXNativeTarget;
			buildConfigurationList = 70D83C741C5E8124004027ED /* Build configuration list for PBXNativeTarget "MemeMeTests" */;
			buildPhases = (
				70D83C641C5E8124004027ED /* Sources */,
				70D83C651C5E8124004027ED /* Frameworks */,
				70D83C661C5E8124004027ED /* Resources */,
			);
			buildRules = (
			);
			dependencies = (
				70D83C6A1C5E8124004027ED /* PBXTargetDependency */,
			);
			name = MemeMeTests;
			productName = MemeMeTests;
			productReference = 70D83C681C5E8124004027ED /* MemeMeTests.xctest */;
			productType = "com.apple.product-type.bundle.unit-test";
		};
/* End PBXNativeTarget section */

/* Begin PBXProject section */
		70D83C4C1C5E8124004027ED /* Project object */ = {
			isa = PBXProject;
			attributes = {
				LastSwiftUpdateCheck = 0720;
				LastUpgradeCheck = 0720;
				ORGANIZATIONNAME = msquared;
				TargetAttributes = {
					70D83C531C5E8124004027ED = {
						CreatedOnToolsVersion = 7.2;
						DevelopmentTeam = 84P7DWA4EE;
					};
					70D83C671C5E8124004027ED = {
						CreatedOnToolsVersion = 7.2;
						DevelopmentTeam = 84P7DWA4EE;
						TestTargetID = 70D83C531C5E8124004027ED;
					};
				};
			};
			buildConfigurationList = 70D83C4F1C5E8124004027ED /* Build configuration list for PBXProject "MemeMe" */;
			compatibilityVersion = "Xcode 3.2";
			developmentRegion = English;
			hasScannedForEncodings = 0;
			knownRegions = (
				en,
				Base,
			);
			mainGroup = 70D83C4B1C5E8124004027ED;
			productRefGroup = 70D83C551C5E8124004027ED /* Products */;
			projectDirPath = "";
			projectRoot = "";
			targets = (
				70D83C531C5E8124004027ED /* MemeMe */,
				70D83C671C5E8124004027ED /* MemeMeTests */,
			);
		};
/* End PBXProject section */

/* Begin PBXResourcesBuildPhase section */
		70D83C521C5E8124004027ED /* Resources */ = {
			isa = PBXResourcesBuildPhase;
			buildActionMask = 2147483647;
			files = (
				70D83C621C5E8124004027ED /* LaunchScreen.storyboard in Resources */,
				70D83C5F1C5E8124004027ED /* Assets.xcassets in Resources */,
				70D83C5D1C5E8124004027ED /* Main.storyboard in Resources */,
			);
			runOnlyForDeploymentPostprocessing = 0;
		};
		70D83C661C5E8124004027ED /* Resources */ = {
			isa = PBXResourcesBuildPhase;
			buildActionMask = 2147483647;
			files = (
			);
			runOnlyForDeploymentPostprocessing = 0;
		};
/* End PBXResourcesBuildPhase section */

/* Begin PBXSourcesBuildPhase section */
		70D83C501C5E8124004027ED /* Sources */ = {
			isa = PBXSourcesBuildPhase;
			buildActionMask = 2147483647;
			files = (
				70D83C7B1C5E828B004027ED /* MemeEditorVC.swift in Sources */,
				70D83C951C60DAAE004027ED /* MemeTableViewCell.swift in Sources */,
				70D83C891C601889004027ED /* MemesTableVC.swift in Sources */,
				70D83C7F1C5EEB94004027ED /* MemeDetailVC.swift in Sources */,
				70D83C811C5EEDB8004027ED /* MemesCollectionVC.swift in Sources */,
				70D83C851C5EF433004027ED /* Meme.swift in Sources */,
				70D83C871C5EF471004027ED /* MemeCollectionViewCell.swift in Sources */,
				70D83C581C5E8124004027ED /* AppDelegate.swift in Sources */,
			);
			runOnlyForDeploymentPostprocessing = 0;
		};
		70D83C641C5E8124004027ED /* Sources */ = {
			isa = PBXSourcesBuildPhase;
			buildActionMask = 2147483647;
			files = (
				70D83C6D1C5E8124004027ED /* MemeMeTests.swift in Sources */,
			);
			runOnlyForDeploymentPostprocessing = 0;
		};
/* End PBXSourcesBuildPhase section */

/* Begin PBXTargetDependency section */
		70D83C6A1C5E8124004027ED /* PBXTargetDependency */ = {
			isa = PBXTargetDependency;
			target = 70D83C531C5E8124004027ED /* MemeMe */;
			targetProxy = 70D83C691C5E8124004027ED /* PBXContainerItemProxy */;
		};
/* End PBXTargetDependency section */

/* Begin PBXVariantGroup section */
		70D83C5B1C5E8124004027ED /* Main.storyboard */ = {
			isa = PBXVariantGroup;
			children = (
				70D83C5C1C5E8124004027ED /* Base */,
			);
			name = Main.storyboard;
			sourceTree = "<group>";
		};
		70D83C601C5E8124004027ED /* LaunchScreen.storyboard */ = {
			isa = PBXVariantGroup;
			children = (
				70D83C611C5E8124004027ED /* Base */,
			);
			name = LaunchScreen.storyboard;
			sourceTree = "<group>";
		};
/* End PBXVariantGroup section */

/* Begin XCBuildConfiguration section */
		70D83C6F1C5E8124004027ED /* Debug */ = {
			isa = XCBuildConfiguration;
			buildSettings = {
				ALWAYS_SEARCH_USER_PATHS = NO;
				CLANG_CXX_LANGUAGE_STANDARD = "gnu++0x";
				CLANG_CXX_LIBRARY = "libc++";
				CLANG_ENABLE_MODULES = YES;
				CLANG_ENABLE_OBJC_ARC = YES;
				CLANG_WARN_BOOL_CONVERSION = YES;
				CLANG_WARN_CONSTANT_CONVERSION = YES;
				CLANG_WARN_DIRECT_OBJC_ISA_USAGE = YES_ERROR;
				CLANG_WARN_EMPTY_BODY = YES;
				CLANG_WARN_ENUM_CONVERSION = YES;
				CLANG_WARN_INT_CONVERSION = YES;
				CLANG_WARN_OBJC_ROOT_CLASS = YES_ERROR;
				CLANG_WARN_UNREACHABLE_CODE = YES;
				CLANG_WARN__DUPLICATE_METHOD_MATCH = YES;
				"CODE_SIGN_IDENTITY[sdk=iphoneos*]" = "iPhone Developer";
				COPY_PHASE_STRIP = NO;
				DEBUG_INFORMATION_FORMAT = dwarf;
				ENABLE_STRICT_OBJC_MSGSEND = YES;
				ENABLE_TESTABILITY = YES;
				GCC_C_LANGUAGE_STANDARD = gnu99;
				GCC_DYNAMIC_NO_PIC = NO;
				GCC_NO_COMMON_BLOCKS = YES;
				GCC_OPTIMIZATION_LEVEL = 0;
				GCC_PREPROCESSOR_DEFINITIONS = (
					"DEBUG=1",
					"$(inherited)",
				);
				GCC_WARN_64_TO_32_BIT_CONVERSION = YES;
				GCC_WARN_ABOUT_RETURN_TYPE = YES_ERROR;
				GCC_WARN_UNDECLARED_SELECTOR = YES;
				GCC_WARN_UNINITIALIZED_AUTOS = YES_AGGRESSIVE;
				GCC_WARN_UNUSED_FUNCTION = YES;
				GCC_WARN_UNUSED_VARIABLE = YES;
				IPHONEOS_DEPLOYMENT_TARGET = 9.2;
				MTL_ENABLE_DEBUG_INFO = YES;
				ONLY_ACTIVE_ARCH = YES;
				SDKROOT = iphoneos;
				SWIFT_OPTIMIZATION_LEVEL = "-Onone";
			};
			name = Debug;
		};
		70D83C701C5E8124004027ED /* Release */ = {
			isa = XCBuildConfiguration;
			buildSettings = {
				ALWAYS_SEARCH_USER_PATHS = NO;
				CLANG_CXX_LANGUAGE_STANDARD = "gnu++0x";
				CLANG_CXX_LIBRARY = "libc++";
				CLANG_ENABLE_MODULES = YES;
				CLANG_ENABLE_OBJC_ARC = YES;
				CLANG_WARN_BOOL_CONVERSION = YES;
				CLANG_WARN_CONSTANT_CONVERSION = YES;
				CLANG_WARN_DIRECT_OBJC_ISA_USAGE = YES_ERROR;
				CLANG_WARN_EMPTY_BODY = YES;
				CLANG_WARN_ENUM_CONVERSION = YES;
				CLANG_WARN_INT_CONVERSION = YES;
				CLANG_WARN_OBJC_ROOT_CLASS = YES_ERROR;
				CLANG_WARN_UNREACHABLE_CODE = YES;
				CLANG_WARN__DUPLICATE_METHOD_MATCH = YES;
				"CODE_SIGN_IDENTITY[sdk=iphoneos*]" = "iPhone Developer";
				COPY_PHASE_STRIP = NO;
				DEBUG_INFORMATION_FORMAT = "dwarf-with-dsym";
				ENABLE_NS_ASSERTIONS = NO;
				ENABLE_STRICT_OBJC_MSGSEND = YES;
				GCC_C_LANGUAGE_STANDARD = gnu99;
				GCC_NO_COMMON_BLOCKS = YES;
				GCC_WARN_64_TO_32_BIT_CONVERSION = YES;
				GCC_WARN_ABOUT_RETURN_TYPE = YES_ERROR;
				GCC_WARN_UNDECLARED_SELECTOR = YES;
				GCC_WARN_UNINITIALIZED_AUTOS = YES_AGGRESSIVE;
				GCC_WARN_UNUSED_FUNCTION = YES;
				GCC_WARN_UNUSED_VARIABLE = YES;
				IPHONEOS_DEPLOYMENT_TARGET = 9.2;
				MTL_ENABLE_DEBUG_INFO = NO;
				SDKROOT = iphoneos;
				VALIDATE_PRODUCT = YES;
			};
			name = Release;
		};
		70D83C721C5E8124004027ED /* Debug */ = {
			isa = XCBuildConfiguration;
			buildSettings = {
				ASSETCATALOG_COMPILER_APPICON_NAME = AppIcon;
				INFOPLIST_FILE = MemeMe/Info.plist;
				LD_RUNPATH_SEARCH_PATHS = "$(inherited) @executable_path/Frameworks";
				PRODUCT_BUNDLE_IDENTIFIER = com.msquared.MemeMe;
				PRODUCT_NAME = "$(TARGET_NAME)";
			};
			name = Debug;
		};
		70D83C731C5E8124004027ED /* Release */ = {
			isa = XCBuildConfiguration;
			buildSettings = {
				ASSETCATALOG_COMPILER_APPICON_NAME = AppIcon;
				INFOPLIST_FILE = MemeMe/Info.plist;
				LD_RUNPATH_SEARCH_PATHS = "$(inherited) @executable_path/Frameworks";
				PRODUCT_BUNDLE_IDENTIFIER = com.msquared.MemeMe;
				PRODUCT_NAME = "$(TARGET_NAME)";
			};
			name = Release;
		};
		70D83C751C5E8124004027ED /* Debug */ = {
			isa = XCBuildConfiguration;
			buildSettings = {
				BUNDLE_LOADER = "$(TEST_HOST)";
				INFOPLIST_FILE = MemeMeTests/Info.plist;
				LD_RUNPATH_SEARCH_PATHS = "$(inherited) @executable_path/Frameworks @loader_path/Frameworks";
				PRODUCT_BUNDLE_IDENTIFIER = com.msquared.MemeMeTests;
				PRODUCT_NAME = "$(TARGET_NAME)";
				TEST_HOST = "$(BUILT_PRODUCTS_DIR)/MemeMe.app/MemeMe";
			};
			name = Debug;
		};
		70D83C761C5E8124004027ED /* Release */ = {
			isa = XCBuildConfiguration;
			buildSettings = {
				BUNDLE_LOADER = "$(TEST_HOST)";
				INFOPLIST_FILE = MemeMeTests/Info.plist;
				LD_RUNPATH_SEARCH_PATHS = "$(inherited) @executable_path/Frameworks @loader_path/Frameworks";
				PRODUCT_BUNDLE_IDENTIFIER = com.msquared.MemeMeTests;
				PRODUCT_NAME = "$(TARGET_NAME)";
				TEST_HOST = "$(BUILT_PRODUCTS_DIR)/MemeMe.app/MemeMe";
			};
			name = Release;
		};
/* End XCBuildConfiguration section */

/* Begin XCConfigurationList section */
		70D83C4F1C5E8124004027ED /* Build configuration list for PBXProject "MemeMe" */ = {
			isa = XCConfigurationList;
			buildConfigurations = (
				70D83C6F1C5E8124004027ED /* Debug */,
				70D83C701C5E8124004027ED /* Release */,
			);
			defaultConfigurationIsVisible = 0;
			defaultConfigurationName = Release;
		};
		70D83C711C5E8124004027ED /* Build configuration list for PBXNativeTarget "MemeMe" */ = {
			isa = XCConfigurationList;
			buildConfigurations = (
				70D83C721C5E8124004027ED /* Debug */,
				70D83C731C5E8124004027ED /* Release */,
			);
			defaultConfigurationIsVisible = 0;
			defaultConfigurationName = Release;
		};
		70D83C741C5E8124004027ED /* Build configuration list for PBXNativeTarget "MemeMeTests" */ = {
			isa = XCConfigurationList;
			buildConfigurations = (
				70D83C751C5E8124004027ED /* Debug */,
				70D83C761C5E8124004027ED /* Release */,
			);
			defaultConfigurationIsVisible = 0;
			defaultConfigurationName = Release;
		};
/* End XCConfigurationList section */
	};
	rootObject = 70D83C4C1C5E8124004027ED /* Project object */;
}
